// !$*UTF8*$!
{
	archiveVersion = 1;
	classes = {
	};
	objectVersion = 46;
	objects = {

/* Begin PBXBuildFile section */
		0B74B0C61A3644B100C79CED /* libsqlite3.dylib in Frameworks */ = {isa = PBXBuildFile; fileRef = 0B74B0C51A3644B100C79CED /* libsqlite3.dylib */; };
		0B74B0C81A3644F600C79CED /* localhost.sql in Resources */ = {isa = PBXBuildFile; fileRef = 0B74B0C71A3644F600C79CED /* localhost.sql */; };
		0B9286301A32527B00932EA5 /* Final Data Review Plist.plist in Resources */ = {isa = PBXBuildFile; fileRef = 0B92862F1A32527B00932EA5 /* Final Data Review Plist.plist */; };
		0BD1E57F1A40977D00598B5B /* mortPig.m in Sources */ = {isa = PBXBuildFile; fileRef = 0BD1E57E1A40977D00598B5B /* mortPig.m */; };
		145CCC831A3FD131007138DF /* DBManager.m in Sources */ = {isa = PBXBuildFile; fileRef = 145CCC821A3FD131007138DF /* DBManager.m */; };
		14AE49221A1D9C910057597A /* main.m in Sources */ = {isa = PBXBuildFile; fileRef = 14AE49211A1D9C910057597A /* main.m */; };
		14AE49251A1D9C910057597A /* AppDelegate.m in Sources */ = {isa = PBXBuildFile; fileRef = 14AE49241A1D9C910057597A /* AppDelegate.m */; };
		14AE492D1A1D9C910057597A /* Images.xcassets in Resources */ = {isa = PBXBuildFile; fileRef = 14AE492C1A1D9C910057597A /* Images.xcassets */; };
		14AE493C1A1D9C910057597A /* Farm_ApplicationTests.m in Sources */ = {isa = PBXBuildFile; fileRef = 14AE493B1A1D9C910057597A /* Farm_ApplicationTests.m */; };
		61115E791A311AB0001567DE /* Default-568h@2x.png in Resources */ = {isa = PBXBuildFile; fileRef = 61115E781A311AB0001567DE /* Default-568h@2x.png */; };
		61199B1A1A38F0C000D74927 /* EntryScreenViewController.m in Sources */ = {isa = PBXBuildFile; fileRef = 61199B191A38F0C000D74927 /* EntryScreenViewController.m */; };
		61444AFD1A23CC8800D3106E /* RoomStatsViewController.m in Sources */ = {isa = PBXBuildFile; fileRef = 61444AFC1A23CC8800D3106E /* RoomStatsViewController.m */; };
		61444B001A23CC9900D3106E /* MortalityViewController.m in Sources */ = {isa = PBXBuildFile; fileRef = 61444AFF1A23CC9900D3106E /* MortalityViewController.m */; };
		61444B031A23CCB500D3106E /* InventoryViewController.m in Sources */ = {isa = PBXBuildFile; fileRef = 61444B021A23CCB500D3106E /* InventoryViewController.m */; };
		61444B061A23CCC200D3106E /* MedicationViewController.m in Sources */ = {isa = PBXBuildFile; fileRef = 61444B051A23CCC200D3106E /* MedicationViewController.m */; };
		61444B091A23CD7300D3106E /* NotesViewController.m in Sources */ = {isa = PBXBuildFile; fileRef = 61444B081A23CD7300D3106E /* NotesViewController.m */; };
		61444B121A23DDA800D3106E /* BarnSelectionViewController.m in Sources */ = {isa = PBXBuildFile; fileRef = 61444B111A23DDA800D3106E /* BarnSelectionViewController.m */; };
		614EAE871A2C05E900785381 /* CollectionCellInformation.plist in Resources */ = {isa = PBXBuildFile; fileRef = 614EAE861A2C05E900785381 /* CollectionCellInformation.plist */; };
		61B44C541A229DD500E31DED /* LoginViewController.m in Sources */ = {isa = PBXBuildFile; fileRef = 61B44C531A229DD500E31DED /* LoginViewController.m */; };
		61B44C571A229EFF00E31DED /* GroupSelectionViewController.m in Sources */ = {isa = PBXBuildFile; fileRef = 61B44C561A229EFF00E31DED /* GroupSelectionViewController.m */; };
		8536E47D1A40E45A000BEF23 /* Main.storyboard in Resources */ = {isa = PBXBuildFile; fileRef = 8536E47B1A40E45A000BEF23 /* Main.storyboard */; };
		C3865D241A7844B000A1E801 /* RoomSelectionViewController.m in Sources */ = {isa = PBXBuildFile; fileRef = C3865D231A7844B000A1E801 /* RoomSelectionViewController.m */; };
		C3EA34CF1A7FD2F00062AE30 /* RoomCell.m in Sources */ = {isa = PBXBuildFile; fileRef = C3EA34CD1A7FD2F00062AE30 /* RoomCell.m */; };
		C3EA34D01A7FD2F00062AE30 /* RoomCell.xib in Resources */ = {isa = PBXBuildFile; fileRef = C3EA34CE1A7FD2F00062AE30 /* RoomCell.xib */; };
		C3EA34D31A7FD6B00062AE30 /* Singleton.m in Sources */ = {isa = PBXBuildFile; fileRef = C3EA34D21A7FD6B00062AE30 /* Singleton.m */; };
/* End PBXBuildFile section */

/* Begin PBXContainerItemProxy section */
		14AE49361A1D9C910057597A /* PBXContainerItemProxy */ = {
			isa = PBXContainerItemProxy;
			containerPortal = 14AE49141A1D9C910057597A /* Project object */;
			proxyType = 1;
			remoteGlobalIDString = 14AE491B1A1D9C910057597A;
			remoteInfo = "Farm Application";
		};
/* End PBXContainerItemProxy section */

/* Begin PBXFileReference section */
		0B6D17961A3E5D55003B1FB1 /* Farm Application.app */ = {isa = PBXFileReference; explicitFileType = wrapper.application; includeInIndex = 0; path = "Farm Application.app"; sourceTree = BUILT_PRODUCTS_DIR; };
		0B6D17971A3E5D55003B1FB1 /* Farm ApplicationTests.xctest */ = {isa = PBXFileReference; explicitFileType = wrapper.cfbundle; includeInIndex = 0; path = "Farm ApplicationTests.xctest"; sourceTree = BUILT_PRODUCTS_DIR; };
		0B74B0C51A3644B100C79CED /* libsqlite3.dylib */ = {isa = PBXFileReference; lastKnownFileType = "compiled.mach-o.dylib"; name = libsqlite3.dylib; path = usr/lib/libsqlite3.dylib; sourceTree = SDKROOT; };
		0B74B0C71A3644F600C79CED /* localhost.sql */ = {isa = PBXFileReference; fileEncoding = 4; lastKnownFileType = text; name = localhost.sql; path = "Farm Application/localhost.sql"; sourceTree = "<group>"; };
		0B92862F1A32527B00932EA5 /* Final Data Review Plist.plist */ = {isa = PBXFileReference; fileEncoding = 4; lastKnownFileType = text.plist.xml; path = "Final Data Review Plist.plist"; sourceTree = "<group>"; };
		0BD1E57D1A40977D00598B5B /* mortPig.h */ = {isa = PBXFileReference; fileEncoding = 4; lastKnownFileType = sourcecode.c.h; path = mortPig.h; sourceTree = "<group>"; };
		0BD1E57E1A40977D00598B5B /* mortPig.m */ = {isa = PBXFileReference; fileEncoding = 4; lastKnownFileType = sourcecode.c.objc; path = mortPig.m; sourceTree = "<group>"; };
		145CCC811A3FD131007138DF /* DBManager.h */ = {isa = PBXFileReference; fileEncoding = 4; lastKnownFileType = sourcecode.c.h; path = DBManager.h; sourceTree = "<group>"; };
		145CCC821A3FD131007138DF /* DBManager.m */ = {isa = PBXFileReference; fileEncoding = 4; lastKnownFileType = sourcecode.c.objc; path = DBManager.m; sourceTree = "<group>"; };
		14AE49201A1D9C910057597A /* Info.plist */ = {isa = PBXFileReference; lastKnownFileType = text.plist.xml; path = Info.plist; sourceTree = "<group>"; };
		14AE49211A1D9C910057597A /* main.m */ = {isa = PBXFileReference; lastKnownFileType = sourcecode.c.objc; path = main.m; sourceTree = "<group>"; };
		14AE49231A1D9C910057597A /* AppDelegate.h */ = {isa = PBXFileReference; lastKnownFileType = sourcecode.c.h; path = AppDelegate.h; sourceTree = "<group>"; };
		14AE49241A1D9C910057597A /* AppDelegate.m */ = {isa = PBXFileReference; lastKnownFileType = sourcecode.c.objc; path = AppDelegate.m; sourceTree = "<group>"; };
		14AE492C1A1D9C910057597A /* Images.xcassets */ = {isa = PBXFileReference; lastKnownFileType = folder.assetcatalog; path = Images.xcassets; sourceTree = "<group>"; };
		14AE492F1A1D9C910057597A /* Base */ = {isa = PBXFileReference; lastKnownFileType = file.xib; name = Base; path = Base.lproj/LaunchScreen.xib; sourceTree = "<group>"; };
		14AE493A1A1D9C910057597A /* Info.plist */ = {isa = PBXFileReference; lastKnownFileType = text.plist.xml; path = Info.plist; sourceTree = "<group>"; };
		14AE493B1A1D9C910057597A /* Farm_ApplicationTests.m */ = {isa = PBXFileReference; lastKnownFileType = sourcecode.c.objc; path = Farm_ApplicationTests.m; sourceTree = "<group>"; };
		61115E781A311AB0001567DE /* Default-568h@2x.png */ = {isa = PBXFileReference; lastKnownFileType = image.png; path = "Default-568h@2x.png"; sourceTree = "<group>"; };
		61199B181A38F0C000D74927 /* EntryScreenViewController.h */ = {isa = PBXFileReference; fileEncoding = 4; lastKnownFileType = sourcecode.c.h; path = EntryScreenViewController.h; sourceTree = "<group>"; };
		61199B191A38F0C000D74927 /* EntryScreenViewController.m */ = {isa = PBXFileReference; fileEncoding = 4; lastKnownFileType = sourcecode.c.objc; path = EntryScreenViewController.m; sourceTree = "<group>"; };
		61444AFB1A23CC8800D3106E /* RoomStatsViewController.h */ = {isa = PBXFileReference; fileEncoding = 4; lastKnownFileType = sourcecode.c.h; path = RoomStatsViewController.h; sourceTree = "<group>"; };
		61444AFC1A23CC8800D3106E /* RoomStatsViewController.m */ = {isa = PBXFileReference; fileEncoding = 4; lastKnownFileType = sourcecode.c.objc; path = RoomStatsViewController.m; sourceTree = "<group>"; };
		61444AFE1A23CC9900D3106E /* MortalityViewController.h */ = {isa = PBXFileReference; fileEncoding = 4; lastKnownFileType = sourcecode.c.h; path = MortalityViewController.h; sourceTree = "<group>"; };
		61444AFF1A23CC9900D3106E /* MortalityViewController.m */ = {isa = PBXFileReference; fileEncoding = 4; lastKnownFileType = sourcecode.c.objc; path = MortalityViewController.m; sourceTree = "<group>"; };
		61444B011A23CCB500D3106E /* InventoryViewController.h */ = {isa = PBXFileReference; fileEncoding = 4; lastKnownFileType = sourcecode.c.h; path = InventoryViewController.h; sourceTree = "<group>"; };
		61444B021A23CCB500D3106E /* InventoryViewController.m */ = {isa = PBXFileReference; fileEncoding = 4; lastKnownFileType = sourcecode.c.objc; path = InventoryViewController.m; sourceTree = "<group>"; };
		61444B041A23CCC200D3106E /* MedicationViewController.h */ = {isa = PBXFileReference; fileEncoding = 4; lastKnownFileType = sourcecode.c.h; path = MedicationViewController.h; sourceTree = "<group>"; };
		61444B051A23CCC200D3106E /* MedicationViewController.m */ = {isa = PBXFileReference; fileEncoding = 4; lastKnownFileType = sourcecode.c.objc; path = MedicationViewController.m; sourceTree = "<group>"; };
		61444B071A23CD7300D3106E /* NotesViewController.h */ = {isa = PBXFileReference; fileEncoding = 4; lastKnownFileType = sourcecode.c.h; path = NotesViewController.h; sourceTree = "<group>"; };
		61444B081A23CD7300D3106E /* NotesViewController.m */ = {isa = PBXFileReference; fileEncoding = 4; lastKnownFileType = sourcecode.c.objc; path = NotesViewController.m; sourceTree = "<group>"; };
		61444B101A23DDA800D3106E /* BarnSelectionViewController.h */ = {isa = PBXFileReference; fileEncoding = 4; lastKnownFileType = sourcecode.c.h; path = BarnSelectionViewController.h; sourceTree = "<group>"; };
		61444B111A23DDA800D3106E /* BarnSelectionViewController.m */ = {isa = PBXFileReference; fileEncoding = 4; lastKnownFileType = sourcecode.c.objc; path = BarnSelectionViewController.m; sourceTree = "<group>"; };
		614EAE861A2C05E900785381 /* CollectionCellInformation.plist */ = {isa = PBXFileReference; fileEncoding = 4; lastKnownFileType = text.plist.xml; path = CollectionCellInformation.plist; sourceTree = "<group>"; };
		61B44C521A229DD500E31DED /* LoginViewController.h */ = {isa = PBXFileReference; fileEncoding = 4; lastKnownFileType = sourcecode.c.h; path = LoginViewController.h; sourceTree = "<group>"; };
		61B44C531A229DD500E31DED /* LoginViewController.m */ = {isa = PBXFileReference; fileEncoding = 4; lastKnownFileType = sourcecode.c.objc; path = LoginViewController.m; sourceTree = "<group>"; };
		61B44C551A229EFF00E31DED /* GroupSelectionViewController.h */ = {isa = PBXFileReference; fileEncoding = 4; lastKnownFileType = sourcecode.c.h; path = GroupSelectionViewController.h; sourceTree = "<group>"; };
		61B44C561A229EFF00E31DED /* GroupSelectionViewController.m */ = {isa = PBXFileReference; fileEncoding = 4; lastKnownFileType = sourcecode.c.objc; path = GroupSelectionViewController.m; sourceTree = "<group>"; };
		8536E47C1A40E45A000BEF23 /* Base */ = {isa = PBXFileReference; lastKnownFileType = file.storyboard; name = Base; path = Base.lproj/Main.storyboard; sourceTree = "<group>"; };
		C3865D221A7844B000A1E801 /* RoomSelectionViewController.h */ = {isa = PBXFileReference; fileEncoding = 4; lastKnownFileType = sourcecode.c.h; name = RoomSelectionViewController.h; path = ../RoomSelectionViewController.h; sourceTree = "<group>"; };
		C3865D231A7844B000A1E801 /* RoomSelectionViewController.m */ = {isa = PBXFileReference; fileEncoding = 4; lastKnownFileType = sourcecode.c.objc; name = RoomSelectionViewController.m; path = ../RoomSelectionViewController.m; sourceTree = "<group>"; };
		C3EA34CC1A7FD2F00062AE30 /* RoomCell.h */ = {isa = PBXFileReference; fileEncoding = 4; lastKnownFileType = sourcecode.c.h; path = RoomCell.h; sourceTree = "<group>"; };
		C3EA34CD1A7FD2F00062AE30 /* RoomCell.m */ = {isa = PBXFileReference; fileEncoding = 4; lastKnownFileType = sourcecode.c.objc; path = RoomCell.m; sourceTree = "<group>"; };
		C3EA34CE1A7FD2F00062AE30 /* RoomCell.xib */ = {isa = PBXFileReference; fileEncoding = 4; lastKnownFileType = file.xib; path = RoomCell.xib; sourceTree = "<group>"; };
		C3EA34D11A7FD6B00062AE30 /* Singleton.h */ = {isa = PBXFileReference; fileEncoding = 4; lastKnownFileType = sourcecode.c.h; path = Singleton.h; sourceTree = "<group>"; };
		C3EA34D21A7FD6B00062AE30 /* Singleton.m */ = {isa = PBXFileReference; fileEncoding = 4; lastKnownFileType = sourcecode.c.objc; path = Singleton.m; sourceTree = "<group>"; };
/* End PBXFileReference section */

/* Begin PBXFrameworksBuildPhase section */
		14AE49191A1D9C910057597A /* Frameworks */ = {
			isa = PBXFrameworksBuildPhase;
			buildActionMask = 2147483647;
			files = (
				0B74B0C61A3644B100C79CED /* libsqlite3.dylib in Frameworks */,
			);
			runOnlyForDeploymentPostprocessing = 0;
		};
		14AE49321A1D9C910057597A /* Frameworks */ = {
			isa = PBXFrameworksBuildPhase;
			buildActionMask = 2147483647;
			files = (
			);
			runOnlyForDeploymentPostprocessing = 0;
		};
/* End PBXFrameworksBuildPhase section */

/* Begin PBXGroup section */
		0BD1E57C1A40976100598B5B /* Classes */ = {
			isa = PBXGroup;
			children = (
				0BD1E57D1A40977D00598B5B /* mortPig.h */,
				0BD1E57E1A40977D00598B5B /* mortPig.m */,
			);
			name = Classes;
			sourceTree = "<group>";
		};
		14AE49131A1D9C910057597A = {
			isa = PBXGroup;
			children = (
				0B74B0C51A3644B100C79CED /* libsqlite3.dylib */,
				0B74B0C71A3644F600C79CED /* localhost.sql */,
				61115E781A311AB0001567DE /* Default-568h@2x.png */,
				14AE491E1A1D9C910057597A /* Farm Application */,
				14AE49381A1D9C910057597A /* Farm ApplicationTests */,
				0B6D17961A3E5D55003B1FB1 /* Farm Application.app */,
				0B6D17971A3E5D55003B1FB1 /* Farm ApplicationTests.xctest */,
			);
			sourceTree = "<group>";
		};
		14AE491E1A1D9C910057597A /* Farm Application */ = {
			isa = PBXGroup;
			children = (
				0BD1E57C1A40976100598B5B /* Classes */,
				85E0F4E61A3E637100B7F08C /* iPad */,
				61B44C511A229D8D00E31DED /* Views */,
				14AE49231A1D9C910057597A /* AppDelegate.h */,
				14AE49241A1D9C910057597A /* AppDelegate.m */,
				14AE492C1A1D9C910057597A /* Images.xcassets */,
				14AE49211A1D9C910057597A /* main.m */,
				8536E47B1A40E45A000BEF23 /* Main.storyboard */,
				C3EA34D11A7FD6B00062AE30 /* Singleton.h */,
				C3EA34D21A7FD6B00062AE30 /* Singleton.m */,
				14AE492E1A1D9C910057597A /* LaunchScreen.xib */,
				14AE491F1A1D9C910057597A /* Supporting Files */,
				0B92862F1A32527B00932EA5 /* Final Data Review Plist.plist */,
			);
			path = "Farm Application";
			sourceTree = "<group>";
		};
		14AE491F1A1D9C910057597A /* Supporting Files */ = {
			isa = PBXGroup;
			children = (
				14AE49201A1D9C910057597A /* Info.plist */,
				614EAE861A2C05E900785381 /* CollectionCellInformation.plist */,
			);
			name = "Supporting Files";
			sourceTree = "<group>";
		};
		14AE49381A1D9C910057597A /* Farm ApplicationTests */ = {
			isa = PBXGroup;
			children = (
				14AE493B1A1D9C910057597A /* Farm_ApplicationTests.m */,
				14AE49391A1D9C910057597A /* Supporting Files */,
			);
			path = "Farm ApplicationTests";
			sourceTree = "<group>";
		};
		14AE49391A1D9C910057597A /* Supporting Files */ = {
			isa = PBXGroup;
			children = (
				14AE493A1A1D9C910057597A /* Info.plist */,
			);
			name = "Supporting Files";
			sourceTree = "<group>";
		};
		61B44C511A229D8D00E31DED /* Views */ = {
			isa = PBXGroup;
			children = (
				8536E47A1A40DA82000BEF23 /* DBManager */,
				61444AFB1A23CC8800D3106E /* RoomStatsViewController.h */,
				61444AFC1A23CC8800D3106E /* RoomStatsViewController.m */,
				61444AFE1A23CC9900D3106E /* MortalityViewController.h */,
				61444AFF1A23CC9900D3106E /* MortalityViewController.m */,
				61444B011A23CCB500D3106E /* InventoryViewController.h */,
				61444B021A23CCB500D3106E /* InventoryViewController.m */,
				61444B041A23CCC200D3106E /* MedicationViewController.h */,
				61444B051A23CCC200D3106E /* MedicationViewController.m */,
				61444B071A23CD7300D3106E /* NotesViewController.h */,
				61444B081A23CD7300D3106E /* NotesViewController.m */,
				61B44C551A229EFF00E31DED /* GroupSelectionViewController.h */,
				61B44C561A229EFF00E31DED /* GroupSelectionViewController.m */,
				61B44C521A229DD500E31DED /* LoginViewController.h */,
				61B44C531A229DD500E31DED /* LoginViewController.m */,
				C3865D221A7844B000A1E801 /* RoomSelectionViewController.h */,
				C3865D231A7844B000A1E801 /* RoomSelectionViewController.m */,
				61444B101A23DDA800D3106E /* BarnSelectionViewController.h */,
				61444B111A23DDA800D3106E /* BarnSelectionViewController.m */,
				61199B181A38F0C000D74927 /* EntryScreenViewController.h */,
				61199B191A38F0C000D74927 /* EntryScreenViewController.m */,
				C3EA34CC1A7FD2F00062AE30 /* RoomCell.h */,
				C3EA34CD1A7FD2F00062AE30 /* RoomCell.m */,
				C3EA34CE1A7FD2F00062AE30 /* RoomCell.xib */,
			);
			name = Views;
			sourceTree = "<group>";
		};
		8536E47A1A40DA82000BEF23 /* DBManager */ = {
			isa = PBXGroup;
			children = (
				145CCC811A3FD131007138DF /* DBManager.h */,
				145CCC821A3FD131007138DF /* DBManager.m */,
			);
			name = DBManager;
			sourceTree = "<group>";
		};
		85E0F4E61A3E637100B7F08C /* iPad */ = {
			isa = PBXGroup;
			children = (
			);
			name = iPad;
			sourceTree = "<group>";
		};
/* End PBXGroup section */

/* Begin PBXNativeTarget section */
		14AE491B1A1D9C910057597A /* Farm Application */ = {
			isa = PBXNativeTarget;
			buildConfigurationList = 14AE493F1A1D9C910057597A /* Build configuration list for PBXNativeTarget "Farm Application" */;
			buildPhases = (
				14AE49181A1D9C910057597A /* Sources */,
				14AE49191A1D9C910057597A /* Frameworks */,
				14AE491A1A1D9C910057597A /* Resources */,
			);
			buildRules = (
			);
			dependencies = (
			);
			name = "Farm Application";
			productName = "Farm Application";
			productReference = 0B6D17961A3E5D55003B1FB1 /* Farm Application.app */;
			productType = "com.apple.product-type.application";
		};
		14AE49341A1D9C910057597A /* Farm ApplicationTests */ = {
			isa = PBXNativeTarget;
			buildConfigurationList = 14AE49421A1D9C910057597A /* Build configuration list for PBXNativeTarget "Farm ApplicationTests" */;
			buildPhases = (
				14AE49311A1D9C910057597A /* Sources */,
				14AE49321A1D9C910057597A /* Frameworks */,
				14AE49331A1D9C910057597A /* Resources */,
			);
			buildRules = (
			);
			dependencies = (
				14AE49371A1D9C910057597A /* PBXTargetDependency */,
			);
			name = "Farm ApplicationTests";
			productName = "Farm ApplicationTests";
			productReference = 0B6D17971A3E5D55003B1FB1 /* Farm ApplicationTests.xctest */;
			productType = "com.apple.product-type.bundle.unit-test";
		};
/* End PBXNativeTarget section */

/* Begin PBXProject section */
		14AE49141A1D9C910057597A /* Project object */ = {
			isa = PBXProject;
			attributes = {
				LastUpgradeCheck = 0610;
				ORGANIZATIONNAME = "Kent Mogler";
				TargetAttributes = {
					14AE491B1A1D9C910057597A = {
						CreatedOnToolsVersion = 6.1;
						DevelopmentTeam = EKV5F926FN;
					};
					14AE49341A1D9C910057597A = {
						CreatedOnToolsVersion = 6.1;
						TestTargetID = 14AE491B1A1D9C910057597A;
					};
				};
			};
			buildConfigurationList = 14AE49171A1D9C910057597A /* Build configuration list for PBXProject "Farm Application" */;
			compatibilityVersion = "Xcode 3.2";
			developmentRegion = English;
			hasScannedForEncodings = 0;
			knownRegions = (
				en,
				Base,
			);
			mainGroup = 14AE49131A1D9C910057597A;
			productRefGroup = 14AE49131A1D9C910057597A;
			projectDirPath = "";
			projectRoot = "";
			targets = (
				14AE491B1A1D9C910057597A /* Farm Application */,
				14AE49341A1D9C910057597A /* Farm ApplicationTests */,
			);
		};
/* End PBXProject section */

/* Begin PBXResourcesBuildPhase section */
		14AE491A1A1D9C910057597A /* Resources */ = {
			isa = PBXResourcesBuildPhase;
			buildActionMask = 2147483647;
			files = (
				C3EA34D01A7FD2F00062AE30 /* RoomCell.xib in Resources */,
				61115E791A311AB0001567DE /* Default-568h@2x.png in Resources */,
				614EAE871A2C05E900785381 /* CollectionCellInformation.plist in Resources */,
				0B9286301A32527B00932EA5 /* Final Data Review Plist.plist in Resources */,
				8536E47D1A40E45A000BEF23 /* Main.storyboard in Resources */,
				0B74B0C81A3644F600C79CED /* localhost.sql in Resources */,
				14AE492D1A1D9C910057597A /* Images.xcassets in Resources */,
			);
			runOnlyForDeploymentPostprocessing = 0;
		};
		14AE49331A1D9C910057597A /* Resources */ = {
			isa = PBXResourcesBuildPhase;
			buildActionMask = 2147483647;
			files = (
			);
			runOnlyForDeploymentPostprocessing = 0;
		};
/* End PBXResourcesBuildPhase section */

/* Begin PBXSourcesBuildPhase section */
		14AE49181A1D9C910057597A /* Sources */ = {
			isa = PBXSourcesBuildPhase;
			buildActionMask = 2147483647;
			files = (
				61444B091A23CD7300D3106E /* NotesViewController.m in Sources */,
				0BD1E57F1A40977D00598B5B /* mortPig.m in Sources */,
				C3865D241A7844B000A1E801 /* RoomSelectionViewController.m in Sources */,
				14AE49251A1D9C910057597A /* AppDelegate.m in Sources */,
				C3EA34CF1A7FD2F00062AE30 /* RoomCell.m in Sources */,
				61444B031A23CCB500D3106E /* InventoryViewController.m in Sources */,
				145CCC831A3FD131007138DF /* DBManager.m in Sources */,
				14AE49221A1D9C910057597A /* main.m in Sources */,
				61444B061A23CCC200D3106E /* MedicationViewController.m in Sources */,
				C3EA34D31A7FD6B00062AE30 /* Singleton.m in Sources */,
				61B44C541A229DD500E31DED /* LoginViewController.m in Sources */,
				61444B001A23CC9900D3106E /* MortalityViewController.m in Sources */,
				61B44C571A229EFF00E31DED /* GroupSelectionViewController.m in Sources */,
				61444B121A23DDA800D3106E /* BarnSelectionViewController.m in Sources */,
				61199B1A1A38F0C000D74927 /* EntryScreenViewController.m in Sources */,
				61444AFD1A23CC8800D3106E /* RoomStatsViewController.m in Sources */,
			);
			runOnlyForDeploymentPostprocessing = 0;
		};
		14AE49311A1D9C910057597A /* Sources */ = {
			isa = PBXSourcesBuildPhase;
			buildActionMask = 2147483647;
			files = (
				14AE493C1A1D9C910057597A /* Farm_ApplicationTests.m in Sources */,
			);
			runOnlyForDeploymentPostprocessing = 0;
		};
/* End PBXSourcesBuildPhase section */

/* Begin PBXTargetDependency section */
		14AE49371A1D9C910057597A /* PBXTargetDependency */ = {
			isa = PBXTargetDependency;
			target = 14AE491B1A1D9C910057597A /* Farm Application */;
			targetProxy = 14AE49361A1D9C910057597A /* PBXContainerItemProxy */;
		};
/* End PBXTargetDependency section */

/* Begin PBXVariantGroup section */
		14AE492E1A1D9C910057597A /* LaunchScreen.xib */ = {
			isa = PBXVariantGroup;
			children = (
				14AE492F1A1D9C910057597A /* Base */,
			);
			name = LaunchScreen.xib;
			sourceTree = "<group>";
		};
		8536E47B1A40E45A000BEF23 /* Main.storyboard */ = {
			isa = PBXVariantGroup;
			children = (
				8536E47C1A40E45A000BEF23 /* Base */,
			);
			name = Main.storyboard;
			sourceTree = "<group>";
		};
/* End PBXVariantGroup section */

/* Begin XCBuildConfiguration section */
		14AE493D1A1D9C910057597A /* Debug */ = {
			isa = XCBuildConfiguration;
			buildSettings = {
				ALWAYS_SEARCH_USER_PATHS = NO;
				CLANG_CXX_LANGUAGE_STANDARD = "gnu++0x";
				CLANG_CXX_LIBRARY = "libc++";
				CLANG_ENABLE_MODULES = YES;
				CLANG_ENABLE_OBJC_ARC = YES;
				CLANG_WARN_BOOL_CONVERSION = YES;
				CLANG_WARN_CONSTANT_CONVERSION = YES;
				CLANG_WARN_DIRECT_OBJC_ISA_USAGE = YES_ERROR;
				CLANG_WARN_EMPTY_BODY = YES;
				CLANG_WARN_ENUM_CONVERSION = YES;
				CLANG_WARN_INT_CONVERSION = YES;
				CLANG_WARN_OBJC_ROOT_CLASS = YES_ERROR;
				CLANG_WARN_UNREACHABLE_CODE = YES;
				CLANG_WARN__DUPLICATE_METHOD_MATCH = YES;
				"CODE_SIGN_IDENTITY[sdk=iphoneos*]" = "iPhone Developer";
				COPY_PHASE_STRIP = NO;
				ENABLE_STRICT_OBJC_MSGSEND = YES;
				GCC_C_LANGUAGE_STANDARD = gnu99;
				GCC_DYNAMIC_NO_PIC = NO;
				GCC_OPTIMIZATION_LEVEL = 0;
				GCC_PREPROCESSOR_DEFINITIONS = (
					"DEBUG=1",
					"$(inherited)",
				);
				GCC_SYMBOLS_PRIVATE_EXTERN = NO;
				GCC_WARN_64_TO_32_BIT_CONVERSION = YES;
				GCC_WARN_ABOUT_RETURN_TYPE = YES_ERROR;
				GCC_WARN_UNDECLARED_SELECTOR = YES;
				GCC_WARN_UNINITIALIZED_AUTOS = YES_AGGRESSIVE;
				GCC_WARN_UNUSED_FUNCTION = YES;
				GCC_WARN_UNUSED_VARIABLE = YES;
				IPHONEOS_DEPLOYMENT_TARGET = 7.1;
				MTL_ENABLE_DEBUG_INFO = YES;
				ONLY_ACTIVE_ARCH = YES;
				SDKROOT = iphoneos;
			};
			name = Debug;
		};
		14AE493E1A1D9C910057597A /* Release */ = {
			isa = XCBuildConfiguration;
			buildSettings = {
				ALWAYS_SEARCH_USER_PATHS = NO;
				CLANG_CXX_LANGUAGE_STANDARD = "gnu++0x";
				CLANG_CXX_LIBRARY = "libc++";
				CLANG_ENABLE_MODULES = YES;
				CLANG_ENABLE_OBJC_ARC = YES;
				CLANG_WARN_BOOL_CONVERSION = YES;
				CLANG_WARN_CONSTANT_CONVERSION = YES;
				CLANG_WARN_DIRECT_OBJC_ISA_USAGE = YES_ERROR;
				CLANG_WARN_EMPTY_BODY = YES;
				CLANG_WARN_ENUM_CONVERSION = YES;
				CLANG_WARN_INT_CONVERSION = YES;
				CLANG_WARN_OBJC_ROOT_CLASS = YES_ERROR;
				CLANG_WARN_UNREACHABLE_CODE = YES;
				CLANG_WARN__DUPLICATE_METHOD_MATCH = YES;
				"CODE_SIGN_IDENTITY[sdk=iphoneos*]" = "iPhone Developer";
				COPY_PHASE_STRIP = YES;
				ENABLE_NS_ASSERTIONS = NO;
				ENABLE_STRICT_OBJC_MSGSEND = YES;
				GCC_C_LANGUAGE_STANDARD = gnu99;
				GCC_WARN_64_TO_32_BIT_CONVERSION = YES;
				GCC_WARN_ABOUT_RETURN_TYPE = YES_ERROR;
				GCC_WARN_UNDECLARED_SELECTOR = YES;
				GCC_WARN_UNINITIALIZED_AUTOS = YES_AGGRESSIVE;
				GCC_WARN_UNUSED_FUNCTION = YES;
				GCC_WARN_UNUSED_VARIABLE = YES;
				IPHONEOS_DEPLOYMENT_TARGET = 7.1;
				MTL_ENABLE_DEBUG_INFO = NO;
				SDKROOT = iphoneos;
				VALIDATE_PRODUCT = YES;
			};
			name = Release;
		};
		14AE49401A1D9C910057597A /* Debug */ = {
			isa = XCBuildConfiguration;
			buildSettings = {
				ASSETCATALOG_COMPILER_APPICON_NAME = "AppIcon-1";
				CODE_SIGN_IDENTITY = "iPhone Developer";
				"CODE_SIGN_IDENTITY[sdk=iphoneos*]" = "iPhone Developer";
				INFOPLIST_FILE = "Farm Application/Info.plist";
				IPHONEOS_DEPLOYMENT_TARGET = 7.1;
				LD_RUNPATH_SEARCH_PATHS = "$(inherited) @executable_path/Frameworks";
				PRODUCT_NAME = "$(TARGET_NAME)";
				PROVISIONING_PROFILE = "";
				TARGETED_DEVICE_FAMILY = "1,2";
			};
			name = Debug;
		};
		14AE49411A1D9C910057597A /* Release */ = {
			isa = XCBuildConfiguration;
			buildSettings = {
				ASSETCATALOG_COMPILER_APPICON_NAME = "AppIcon-1";
				CODE_SIGN_IDENTITY = "iPhone Developer";
				"CODE_SIGN_IDENTITY[sdk=iphoneos*]" = "iPhone Developer";
				INFOPLIST_FILE = "Farm Application/Info.plist";
				IPHONEOS_DEPLOYMENT_TARGET = 7.1;
				LD_RUNPATH_SEARCH_PATHS = "$(inherited) @executable_path/Frameworks";
				PRODUCT_NAME = "$(TARGET_NAME)";
				PROVISIONING_PROFILE = "";
				TARGETED_DEVICE_FAMILY = "1,2";
			};
			name = Release;
		};
		14AE49431A1D9C910057597A /* Debug */ = {
			isa = XCBuildConfiguration;
			buildSettings = {
				BUNDLE_LOADER = "$(TEST_HOST)";
				FRAMEWORK_SEARCH_PATHS = (
					"$(SDKROOT)/Developer/Library/Frameworks",
					"$(inherited)",
				);
				GCC_PREPROCESSOR_DEFINITIONS = (
					"DEBUG=1",
					"$(inherited)",
				);
				INFOPLIST_FILE = "Farm ApplicationTests/Info.plist";
				LD_RUNPATH_SEARCH_PATHS = "$(inherited) @executable_path/Frameworks @loader_path/Frameworks";
				PRODUCT_NAME = "$(TARGET_NAME)";
				TEST_HOST = "$(BUILT_PRODUCTS_DIR)/Farm Application.app/Farm Application";
			};
			name = Debug;
		};
		14AE49441A1D9C910057597A /* Release */ = {
			isa = XCBuildConfiguration;
			buildSettings = {
				BUNDLE_LOADER = "$(TEST_HOST)";
				FRAMEWORK_SEARCH_PATHS = (
					"$(SDKROOT)/Developer/Library/Frameworks",
					"$(inherited)",
				);
				INFOPLIST_FILE = "Farm ApplicationTests/Info.plist";
				LD_RUNPATH_SEARCH_PATHS = "$(inherited) @executable_path/Frameworks @loader_path/Frameworks";
				PRODUCT_NAME = "$(TARGET_NAME)";
				TEST_HOST = "$(BUILT_PRODUCTS_DIR)/Farm Application.app/Farm Application";
			};
			name = Release;
		};
/* End XCBuildConfiguration section */

/* Begin XCConfigurationList section */
		14AE49171A1D9C910057597A /* Build configuration list for PBXProject "Farm Application" */ = {
			isa = XCConfigurationList;
			buildConfigurations = (
				14AE493D1A1D9C910057597A /* Debug */,
				14AE493E1A1D9C910057597A /* Release */,
			);
			defaultConfigurationIsVisible = 0;
			defaultConfigurationName = Release;
		};
		14AE493F1A1D9C910057597A /* Build configuration list for PBXNativeTarget "Farm Application" */ = {
			isa = XCConfigurationList;
			buildConfigurations = (
				14AE49401A1D9C910057597A /* Debug */,
				14AE49411A1D9C910057597A /* Release */,
			);
			defaultConfigurationIsVisible = 0;
			defaultConfigurationName = Release;
		};
		14AE49421A1D9C910057597A /* Build configuration list for PBXNativeTarget "Farm ApplicationTests" */ = {
			isa = XCConfigurationList;
			buildConfigurations = (
				14AE49431A1D9C910057597A /* Debug */,
				14AE49441A1D9C910057597A /* Release */,
			);
			defaultConfigurationIsVisible = 0;
			defaultConfigurationName = Release;
		};
/* End XCConfigurationList section */
	};
	rootObject = 14AE49141A1D9C910057597A /* Project object */;
}
